version = 1
revision = 3
requires-python = "==3.12.*"

[[package]]
name = "librt"
version = "0.16.0"
source = { registry = "https://pypi.org/simple" }
sdist = { url = "https://files.pythonhosted.org/packages/04/f5/9dc696772d241814bacac7880bac32f2930b5a6ebc1f85317b83161a011c/librt-0.16.0.tar.gz", hash = "sha256:ac38d6d8d66bf3d744148dbbc0b8e193e195a51e364ed55e224631f5721891fc", size = 219839, upload-time = "2026-09-29T00:55:32.891Z" }
wheels = [
    { url = "https://files.pythonhosted.org/packages/ad/76/bbdaeb87b7c47b5c7343e90222b9bfa4e4a8a83f647e02933ad0129225b1/librt-0.16.0-cp312-cp312-macosx_10_13_x86_64.whl", hash = "sha256:fe52bf4641069e7978a14253b036cb9002def1926317e710f2e249f8a8c47742", size = 151028, upload-time = "2026-09-29T00:52:41.508Z" },
    { url = "https://files.pythonhosted.org/packages/fd/0c/ab8ed3dab0085931aec4a792c7eaac8dc6c5ff4691fda3a5360d9d8a9cd2/librt-0.16.0-cp312-cp312-macosx_11_0_arm64.whl", hash = "sha256:5bcc2c4726ced915b00de0c9856a4eeabfb3fddb93e10e0b8f735b7709358b6d", size = 155283, upload-time = "2026-09-29T00:52:42.873Z" },
    { url = "https://files.pythonhosted.org/packages/eb/36/494e79d460c80c1f030661e8287c9eca5e1ad652dc2b2180b6cd42abce0a/librt-0.16.0-cp312-cp312-manylinux2014_aarch64.manylinux_2_17_aarch64.manylinux_2_28_aarch64.whl", hash = "sha256:ff7baa55f8e7c69851419e50a666015d02a74198716fd45c0125a2112e0a389f", size = 503185, upload-time = "2026-09-29T00:52:44.638Z" },
    { url = "https://files.pythonhosted.org/packages/9b/34/a8464038dd9db6e4381fa2b6eb73dc9a50888d77102c4c139304ac35cddc/librt-0.16.0-cp312-cp312-manylinux2014_i686.manylinux_2_17_i686.manylinux_2_28_i686.whl", hash = "sha256:b95d5d92ab83d39e760a52091bb1baba664f3a2351e39b1e16801e5747c2f0e9", size = 496738, upload-time = "2026-09-29T00:52:46.441Z" },
    { url = "https://files.pythonhosted.org/packages/6a/53/e0e5e334ef0c6ed27039d323819368b9ef6712be87d55ee2bf9799398afd/librt-0.16.0-cp312-cp312-manylinux2014_ppc64le.manylinux_2_17_ppc64le.manylinux_2_28_ppc64le.whl", hash = "sha256:b6d085d70bce51d43c5c7c36d63490770180d8779e71c49305c87b4213918de7", size = 513818, upload-time = "2026-09-29T00:52:48.068Z" },
    { url = "https://files.pythonhosted.org/packages/ad/f7/7ce72cbf19d0addd05090b339152fd0548a02562c2866a603e6e3b3da2df/librt-0.16.0-cp312-cp312-manylinux2014_x86_64.manylinux_2_17_x86_64.manylinux_2_28_x86_64.whl", hash = "sha256:36e53948e99bbe3ffea257124cfcae1cfb01831555c9a9c903c9f9a72db7fd07", size = 531952, upload-time = "2026-09-29T00:52:49.816Z" },
    { url = "https://files.pythonhosted.org/packages/83/22/0b1bcb6a8e723c8b4fd60dfc8ae8ec6461c54073fbc8685efeb8d900d407/librt-0.16.0-cp312-cp312-manylinux_2_34_riscv64.manylinux_2_39_riscv64.whl", hash = "sha256:54d11f726aae9df5a6ffbbf0a03a52449bbac84a53ef03669cb41cdfd4ae41bf", size = 524465, upload-time = "2026-09-29T00:52:51.354Z" },
    { url = "https://files.pythonhosted.org/packages/64/2e/e9c23b8b9df1813da1be205deca9606beb7ddd033972246cd426d05374a0/librt-0.16.0-cp312-cp312-musllinux_1_2_aarch64.whl", hash = "sha256:4323193ac0cd025f85af531df8ba91bf24d1973b401697347a6282e8fd3fcf5e", size = 543191, upload-time = "2026-09-29T00:52:53.284Z" },
    { url = "https://files.pythonhosted.org/packages/bc/e5/6a8b21b342c03ed7e230fa3afbfd2edc58e6e87ef1f0d11fa2b9a748c252/librt-0.16.0-cp312-cp312-musllinux_1_2_i686.whl", hash = "sha256:e42f8e098b9c5396fefa05fb1cc7e33b0e08fc51da106b5de4a45fd22aac6743", size = 546979, upload-time = "2026-09-29T00:52:54.932Z" },
    { url = "https://files.pythonhosted.org/packages/84/9e/b5129023eced1be01e01c22757f53be551d463b1bb7264f787927404c1d6/librt-0.16.0-cp312-cp312-musllinux_1_2_ppc64le.whl", hash = "sha256:39ec1d5a14e37baf1450a6cabf03fe552340808bf1ad9d71824ab90117716459", size = 555317, upload-time = "2026-09-29T00:52:56.869Z" },
    { url = "https://files.pythonhosted.org/packages/71/89/28bba5938c725fe91f06bf93f7fa6c6b150229df53a87b454b0d5c2a796e/librt-0.16.0-cp312-cp312-musllinux_1_2_riscv64.whl", hash = "sha256:d1aabe3925cbb4a08d15b7b20ba4011b53019da0c4173a25155139b7b1baed65", size = 535846, upload-time = "2026-09-29T00:52:58.475Z" },
    { url = "https://files.pythonhosted.org/packages/22/92/63773026614f888c5d4e370e395ce42ca604b89f70b3acdfedbf94851b80/librt-0.16.0-cp312-cp312-musllinux_1_2_x86_64.whl", hash = "sha256:300c3ffdc459f4a779a8411ecb188e3ac0b1ff3a3a7b099642555dedae06c69b", size = 573700, upload-time = "2026-09-29T00:53:00.127Z" },
    { url = "https://files.pythonhosted.org/packages/66/8f/347d4677eefb57cd9f8e01d95a1dcee9a91b4e44e664173c32ff6f3752e5/librt-0.16.0-cp312-cp312-win32.whl", hash = "sha256:c17194318e4c0c0348b36f36c2ec7534436fe0a4c15582403162a4f08c80797a", size = 106158, upload-time = "2026-09-29T00:53:02.031Z" },
    { url = "https://files.pythonhosted.org/packages/f0/2c/5193dc81127cd5ddfad031391b046bf32dda219b38463ab872407ca30646/librt-0.16.0-cp312-cp312-win_amd64.whl", hash = "sha256:25a58a19ea8d83b68209f04912df765e9260635ef77646542ed4b4abe6bc7940", size = 126176, upload-time = "2026-09-29T00:53:03.445Z" },
    { url = "https://files.pythonhosted.org/packages/ff/3d/9668a400c8dd81d162eba38b33fa49fa6205f1a64493570a13fbb815c3ee/librt-0.16.0-cp312-cp312-win_arm64.whl", hash = "sha256:f7be7cf555bc30ec12622e9447299cc4a9b8ff307548b634794353db0c2065dc", size = 116572, upload-time = "2026-09-29T00:53:04.815Z" },
]

[[package]]
name = "miragetransit"
version = "0.1.0.dev2"
source = { editable = "." }

[package.dev-dependencies]
dev = [
    { name = "mypy" },
    { name = "ruff" },
]

[package.metadata]

[package.metadata.requires-dev]
dev = [
    { name = "mypy", specifier = "==1.19.1" },
    { name = "ruff", specifier = "==0.15.6" },
]

[[package]]
name = "mypy"
version = "1.19.1"
source = { registry = "https://pypi.org/simple" }
dependencies = [
    { name = "librt", marker = "platform_python_implementation != 'PyPy'" },
    { name = "mypy-extensions" },
    { name = "pathspec" },
    { name = "typing-extensions" },
]
sdist = { url = "https://files.pythonhosted.org/packages/f5/db/4efed9504bc01309ab9c2da7e352cc223569f05478012b5d9ece38fd44d2/mypy-1.19.1.tar.gz", hash = "sha256:19d88bb05303fe63f71dd2c6270daca27cb9401c4ca8255fe50d1d920e0eb9ba", size = 3582404, upload-time = "2025-12-15T05:03:48.42Z" }
wheels = [
    { url = "https://files.pythonhosted.org/packages/06/8a/19bfae96f6615aa8a0604915512e0289b1fad33d5909bf7244f02935d33a/mypy-1.19.1-cp312-cp312-macosx_10_13_x86_64.whl", hash = "sha256:a8174a03289288c1f6c46d55cef02379b478bfbc8e358e02047487cad44c6ca1", size = 13206053, upload-time = "2025-12-15T05:03:46.622Z" },
    { url = "https://files.pythonhosted.org/packages/a5/34/3e63879ab041602154ba2a9f99817bb0c85c4df19a23a1443c8986e4d565/mypy-1.19.1-cp312-cp312-macosx_11_0_arm64.whl", hash = "sha256:ffcebe56eb09ff0c0885e750036a095e23793ba6c2e894e7e63f6d89ad51f22e", size = 12219134, upload-time = "2025-12-15T05:03:24.367Z" },
    { url = "https://files.pythonhosted.org/packages/89/cc/2db6f0e95366b630364e09845672dbee0cbf0bbe753a204b29a944967cd9/mypy-1.19.1-cp312-cp312-manylinux2014_aarch64.manylinux_2_17_aarch64.manylinux_2_28_aarch64.whl", hash = "sha256:b64d987153888790bcdb03a6473d321820597ab8dd9243b27a92153c4fa50fd2", size = 12731616, upload-time = "2025-12-15T05:02:44.725Z" },
    { url = "https://files.pythonhosted.org/packages/00/be/dd56c1fd4807bc1eba1cf18b2a850d0de7bacb55e158755eb79f77c41f8e/mypy-1.19.1-cp312-cp312-manylinux2014_x86_64.manylinux_2_17_x86_64.manylinux_2_28_x86_64.whl", hash = "sha256:c35d298c2c4bba75feb2195655dfea8124d855dfd7343bf8b8c055421eaf0cf8", size = 13620847, upload-time = "2025-12-15T05:03:39.633Z" },
    { url = "https://files.pythonhosted.org/packages/6d/42/332951aae42b79329f743bf1da088cd75d8d4d9acc18fbcbd84f26c1af4e/mypy-1.19.1-cp312-cp312-musllinux_1_2_x86_64.whl", hash = "sha256:34c81968774648ab5ac09c29a375fdede03ba253f8f8287847bd480782f73a6a", size = 13834976, upload-time = "2025-12-15T05:03:08.786Z" },
    { url = "https://files.pythonhosted.org/packages/6f/63/e7493e5f90e1e085c562bb06e2eb32cae27c5057b9653348d38b47daaecc/mypy-1.19.1-cp312-cp312-win_amd64.whl", hash = "sha256:b10e7c2cd7870ba4ad9b2d8a6102eb5ffc1f16ca35e3de6bfa390c1113029d13", size = 10118104, upload-time = "2025-12-15T05:03:10.834Z" },
    { url = "https://files.pythonhosted.org/packages/8d/f4/4ce9a05ce5ded1de3ec1c1d96cf9f9504a04e54ce0ed55cfa38619a32b8d/mypy-1.19.1-py3-none-any.whl", hash = "sha256:f1235f5ea01b7db5468d53ece6aaddf1ad0b88d9e7462b86ef96fe04995d7247", size = 2471239, upload-time = "2025-12-15T05:03:07.248Z" },
]

[[package]]
name = "mypy-extensions"
version = "1.1.0"
source = { registry = "https://pypi.org/simple" }
sdist = { url = "https://files.pythonhosted.org/packages/a2/6e/371856a3fb9d31ca8dac321cda606860fa4548858c0cc45d9d1d4ca2628b/mypy_extensions-1.1.0.tar.gz", hash = "sha256:52e68efc3284861e772bbcd66823fde5ae21fd2fdb51c62a211403730b916558", size = 6343, upload-time = "2025-04-22T14:54:24.164Z" }
wheels = [
    { url = "https://files.pythonhosted.org/packages/79/7b/2c79738432f5c924bef5071f933bcc9efd0473bac3b4aa584a6f7c1c8df8/mypy_extensions-1.1.0-py3-none-any.whl", hash = "sha256:1be4cccdb0f2482337c4743e60421de3a356cd97508abadd57d47403e94f5505", size = 4963, upload-time = "2025-04-22T14:54:22.983Z" },
]

[[package]]
name = "pathspec"
version = "1.1.1"
source = { registry = "https://pypi.org/simple" }
sdist = { url = "https://files.pythonhosted.org/packages/5a/82/42f767fc1c1143d6fd36efb827202a2d997a375e160a71eb2888a925aac1/pathspec-1.1.1.tar.gz", hash = "sha256:17db5ecd524104a120e173814c90367a96a98d07c45b2e10c2f3919fff91bf5a", size = 135180, upload-time = "2026-04-27T01:46:08.907Z" }
wheels = [
    { url = "https://files.pythonhosted.org/packages/f1/d9/7fb5aa316bc299258e68c73ba3bddbc499654a07f151cba08f6153988714/pathspec-1.1.1-py3-none-any.whl", hash = "sha256:a00ce642f577bf7f473932318056212bc4f8bfdf53128c78bbd5af0b9b20b189", size = 57328, upload-time = "2026-04-27T01:46:07.06Z" },
]

[[package]]
name = "ruff"
version = "0.15.6"
source = { registry = "https://pypi.org/simple" }
sdist = { url = "https://files.pythonhosted.org/packages/51/df/f8629c19c5318601d3121e230f74cbee7a3732339c52b21daa2b82ef9c7d/ruff-0.15.6.tar.gz", hash = "sha256:8394c7bb153a4e3811a4ecdacd4a8e6a4fa8097028119160dffecdcdf9b56ae4", size = 4597916, upload-time = "2026-03-12T23:05:47.51Z" }
wheels = [
    { url = "https://files.pythonhosted.org/packages/9e/2f/4e03a7e5ce99b517e98d3b4951f411de2b0fa8348d39cf446671adcce9a2/ruff-0.15.6-py3-none-linux_armv6l.whl", hash = "sha256:7c98c3b16407b2cf3d0f2b80c80187384bc92c6774d85fefa913ecd941256fff", size = 10508953, upload-time = "2026-03-12T23:05:17.246Z" },
    { url = "https://files.pythonhosted.org/packages/70/60/55bcdc3e9f80bcf39edf0cd272da6fa511a3d94d5a0dd9e0adf76ceebdb4/ruff-0.15.6-py3-none-macosx_10_12_x86_64.whl", hash = "sha256:ee7dcfaad8b282a284df4aa6ddc2741b3f4a18b0555d626805555a820ea181c3", size = 10942257, upload-time = "2026-03-12T23:05:23.076Z" },
    { url = "https://files.pythonhosted.org/packages/e7/f9/005c29bd1726c0f492bfa215e95154cf480574140cb5f867c797c18c790b/ruff-0.15.6-py3-none-macosx_11_0_arm64.whl", hash = "sha256:3bd9967851a25f038fc8b9ae88a7fbd1b609f30349231dffaa37b6804923c4bb", size = 10322683, upload-time = "2026-03-12T23:05:33.738Z" },
    { url = "https://files.pythonhosted.org/packages/5f/74/2f861f5fd7cbb2146bddb5501450300ce41562da36d21868c69b7a828169/ruff-0.15.6-py3-none-manylinux_2_17_aarch64.manylinux2014_aarch64.whl", hash = "sha256:13f4594b04e42cd24a41da653886b04d2ff87adbf57497ed4f728b0e8a4866f8", size = 10660986, upload-time = "2026-03-12T23:05:53.245Z" },
    { url = "https://files.pythonhosted.org/packages/c1/a1/309f2364a424eccb763cdafc49df843c282609f47fe53aa83f38272389e0/ruff-0.15.6-py3-none-manylinux_2_17_armv7l.manylinux2014_armv7l.whl", hash = "sha256:e2ed8aea2f3fe57886d3f00ea5b8aae5bf68d5e195f487f037a955ff9fbaac9e", size = 10332177, upload-time = "2026-03-12T23:05:56.145Z" },
    { url = "https://files.pythonhosted.org/packages/30/41/7ebf1d32658b4bab20f8ac80972fb19cd4e2c6b78552be263a680edc55ac/ruff-0.15.6-py3-none-manylinux_2_17_i686.manylinux2014_i686.whl", hash = "sha256:70789d3e7830b848b548aae96766431c0dc01a6c78c13381f423bf7076c66d15", size = 11170783, upload-time = "2026-03-12T23:06:01.742Z" },
    { url = "https://files.pythonhosted.org/packages/76/be/6d488f6adca047df82cd62c304638bcb00821c36bd4881cfca221561fdfc/ruff-0.15.6-py3-none-manylinux_2_17_ppc64le.manylinux2014_ppc64le.whl", hash = "sha256:542aaf1de3154cea088ced5a819ce872611256ffe2498e750bbae5247a8114e9", size = 12044201, upload-time = "2026-03-12T23:05:28.697Z" },
    { url = "https://files.pythonhosted.org/packages/71/68/e6f125df4af7e6d0b498f8d373274794bc5156b324e8ab4bf5c1b4fc0ec7/ruff-0.15.6-py3-none-manylinux_2_17_s390x.manylinux2014_s390x.whl", hash = "sha256:1c22e6f02c16cfac3888aa636e9eba857254d15bbacc9906c9689fdecb1953ab", size = 11421561, upload-time = "2026-03-12T23:05:31.236Z" },
    { url = "https://files.pythonhosted.org/packages/f1/9f/f85ef5fd01a52e0b472b26dc1b4bd228b8f6f0435975442ffa4741278703/ruff-0.15.6-py3-none-manylinux_2_17_x86_64.manylinux2014_x86_64.whl", hash = "sha256:98893c4c0aadc8e448cfa315bd0cc343a5323d740fe5f28ef8a3f9e21b381f7e", size = 11310928, upload-time = "2026-03-12T23:05:45.288Z" },
    { url = "https://files.pythonhosted.org/packages/8c/26/b75f8c421f5654304b89471ed384ae8c7f42b4dff58fa6ce1626d7f2b59a/ruff-0.15.6-py3-none-manylinux_2_31_riscv64.whl", hash = "sha256:70d263770d234912374493e8cc1e7385c5d49376e41dfa51c5c3453169dc581c", size = 11235186, upload-time = "2026-03-12T23:05:50.677Z" },
    { url = "https://files.pythonhosted.org/packages/fc/d4/d5a6d065962ff7a68a86c9b4f5500f7d101a0792078de636526c0edd40da/ruff-0.15.6-py3-none-musllinux_1_2_aarch64.whl", hash = "sha256:55a1ad63c5a6e54b1f21b7514dfadc0c7fb40093fa22e95143cf3f64ebdcd512", size = 10635231, upload-time = "2026-03-12T23:05:37.044Z" },
    { url = "https://files.pythonhosted.org/packages/d6/56/7c3acf3d50910375349016cf33de24be021532042afbed87942858992491/ruff-0.15.6-py3-none-musllinux_1_2_armv7l.whl", hash = "sha256:8dc473ba093c5ec238bb1e7429ee676dca24643c471e11fbaa8a857925b061c0", size = 10340357, upload-time = "2026-03-12T23:06:04.748Z" },
    { url = "https://files.pythonhosted.org/packages/06/54/6faa39e9c1033ff6a3b6e76b5df536931cd30caf64988e112bbf91ef5ce5/ruff-0.15.6-py3-none-musllinux_1_2_i686.whl", hash = "sha256:85b042377c2a5561131767974617006f99f7e13c63c111b998f29fc1e58a4cfb", size = 10860583, upload-time = "2026-03-12T23:05:58.978Z" },
    { url = "https://files.pythonhosted.org/packages/cb/1e/509a201b843b4dfb0b32acdedf68d951d3377988cae43949ba4c4133a96a/ruff-0.15.6-py3-none-musllinux_1_2_x86_64.whl", hash = "sha256:cef49e30bc5a86a6a92098a7fbf6e467a234d90b63305d6f3ec01225a9d092e0", size = 11410976, upload-time = "2026-03-12T23:05:39.955Z" },
    { url = "https://files.pythonhosted.org/packages/6c/25/3fc9114abf979a41673ce877c08016f8e660ad6cf508c3957f537d2e9fa9/ruff-0.15.6-py3-none-win32.whl", hash = "sha256:bbf67d39832404812a2d23020dda68fee7f18ce15654e96fb1d3ad21a5fe436c", size = 10616872, upload-time = "2026-03-12T23:05:42.451Z" },
    { url = "https://files.pythonhosted.org/packages/89/7a/09ece68445ceac348df06e08bf75db72d0e8427765b96c9c0ffabc1be1d9/ruff-0.15.6-py3-none-win_amd64.whl", hash = "sha256:aee25bc84c2f1007ecb5037dff75cef00414fdf17c23f07dc13e577883dca406", size = 11787271, upload-time = "2026-03-12T23:05:20.168Z" },
    { url = "https://files.pythonhosted.org/packages/7f/d0/578c47dd68152ddddddf31cd7fc67dc30b7cdf639a86275fda821b0d9d98/ruff-0.15.6-py3-none-win_arm64.whl", hash = "sha256:c34de3dd0b0ba203be50ae70f5910b17188556630e2178fd7d79fc030eb0d837", size = 11060497, upload-time = "2026-03-12T23:05:25.968Z" },
]

[[package]]
name = "typing-extensions"
version = "4.16.0"
source = { registry = "https://pypi.org/simple" }
sdist = { url = "https://files.pythonhosted.org/packages/f6/cc/6253133b5bb138fc3306cebfbda2c520f545d36b5be2c7255cc528bb45d6/typing_extensions-4.16.0.tar.gz", hash = "sha256:dc983d19a509c94dba722ee6abd33940f7c05a89e243c47e907eb4db6f1a43e5", size = 113555, upload-time = "2026-07-02T08:40:05.92Z" }
wheels = [
    { url = "https://files.pythonhosted.org/packages/49/d3/b8441a820a491ddfc024b0b0cf0393375b75ea13866d9c66727e54c2fc80/typing_extensions-4.16.0-py3-none-any.whl", hash = "sha256:481caa481374e813c1b176ada14e97f1f67a4539ce9cfeb3f350d78d6370c2e8", size = 45571, upload-time = "2026-07-02T08:40:04.659Z" },
]
